
Microsoft Visual Studio Solution File, Format Version 12.00
# Visual Studio Version 16
VisualStudioVersion = 16.0.30204.135
MinimumVisualStudioVersion = 10.0.40219.1
Project("{9A19103F-16F7-4668-BE54-9A1E7A4F7556}") = "TribalCreditoWebApi", "TribalCreditoWebApi.csproj", "{978160D2-3421-484B-BC00-D46473798B25}"
EndProject
Project("{9A19103F-16F7-4668-BE54-9A1E7A4F7556}") = "TribalCreditoWebApi.Tests", "..\TribalCreditoWebApi.Tests\TribalCreditoWebApi.Tests.csproj", "{A0D757F2-ADF4-412F-92C2-5C1289044799}"
EndProject
Global
	GlobalSection(SolutionConfigurationPlatforms) = preSolution
		Debug|Any CPU = Debug|Any CPU
		Release|Any CPU = Release|Any CPU
	EndGlobalSection
	GlobalSection(ProjectConfigurationPlatforms) = postSolution
		{978160D2-3421-484B-BC00-D46473798B25}.Debug|Any CPU.ActiveCfg = Debug|Any CPU
		{978160D2-3421-484B-BC00-D46473798B25}.Debug|Any CPU.Build.0 = Debug|Any CPU
		{978160D2-3421-484B-BC00-D46473798B25}.Release|Any CPU.ActiveCfg = Release|Any CPU
		{978160D2-3421-484B-BC00-D46473798B25}.Release|Any CPU.Build.0 = Release|Any CPU
		{A0D757F2-ADF4-412F-92C2-5C1289044799}.Debug|Any CPU.ActiveCfg = Debug|Any CPU
		{A0D757F2-ADF4-412F-92C2-5C1289044799}.Debug|Any CPU.Build.0 = Debug|Any CPU
		{A0D757F2-ADF4-412F-92C2-5C1289044799}.Release|Any CPU.ActiveCfg = Release|Any CPU
		{A0D757F2-ADF4-412F-92C2-5C1289044799}.Release|Any CPU.Build.0 = Release|Any CPU
	EndGlobalSection
	GlobalSection(SolutionProperties) = preSolution
		HideSolutionNode = FALSE
	EndGlobalSection
	GlobalSection(ExtensibilityGlobals) = postSolution
		SolutionGuid = {0A07D12E-A0C7-44CF-925F-ED618BA4D2DC}
	EndGlobalSection
EndGlobal
